PODS:
  - Charts (3.5.0):
    - Charts/Core (= 3.5.0)
  - Charts/Core (3.5.0)
  - IQKeyboardManagerSwift (6.5.9)

DEPENDENCIES:
  - Charts (= 3.5.0)
  - IQKeyboardManagerSwift

SPEC REPOS:
  trunk:
    - Charts
    - IQKeyboardManagerSwift

SPEC CHECKSUMS:
  Charts: 40a08591df1f8ad5c223ddedfb1a06da92f24f7c
  IQKeyboardManagerSwift: 6e839c575c4aa1078d58a596e41244e77abe918f

PODFILE CHECKSUM: 95c0db4267a2b455e677ddfd103b1f3e8b7157b8

COCOAPODS: 1.11.3
